
Microsoft Visual Studio Solution File, Format Version 12.00
# Visual Studio Version 17
VisualStudioVersion = 17.8.34330.188
MinimumVisualStudioVersion = 10.0.40219.1
Project("{FAE04EC0-301F-11D3-BF4B-00C04F79EFBC}") = "Calculator", "Calculator\Calculator.csproj", "{F1A93EAA-426A-4D92-9977-26A4B9D9D60E}"
EndProject
Global
	GlobalSection(SolutionConfigurationPlatforms) = preSolution
		Debug|Any CPU = Debug|Any CPU
		Release|Any CPU = Release|Any CPU
	EndGlobalSection
	GlobalSection(ProjectConfigurationPlatforms) = postSolution
		{F1A93EAA-426A-4D92-9977-26A4B9D9D60E}.Debug|Any CPU.ActiveCfg = Debug|Any CPU
		{F1A93EAA-426A-4D92-9977-26A4B9D9D60E}.Debug|Any CPU.Build.0 = Debug|Any CPU
		{F1A93EAA-426A-4D92-9977-26A4B9D9D60E}.Release|Any CPU.ActiveCfg = Release|Any CPU
		{F1A93EAA-426A-4D92-9977-26A4B9D9D60E}.Release|Any CPU.Build.0 = Release|Any CPU
	EndGlobalSection
	GlobalSection(SolutionProperties) = preSolution
		HideSolutionNode = FALSE
	EndGlobalSection
	GlobalSection(ExtensibilityGlobals) = postSolution
		SolutionGuid = {3FDC6FC3-D450-414D-B77A-A67F58D96F8E}
	EndGlobalSection
EndGlobal
